
Microsoft Visual Studio Solution File, Format Version 12.00
# Visual Studio Version 17
VisualStudioVersion = 17.12.35527.113 d17.12
MinimumVisualStudioVersion = 10.0.40219.1
Project("{FAE04EC0-301F-11D3-BF4B-00C04F79EFBC}") = "RemoteDiskManager", "RemoteDiskManager.csproj", "{971F6DAE-4B9A-4931-941B-0C0248DD6C0C}"
EndProject
Global
	GlobalSection(SolutionConfigurationPlatforms) = preSolution
		Debug|Any CPU = Debug|Any CPU
		Release|Any CPU = Release|Any CPU
	EndGlobalSection
	GlobalSection(ProjectConfigurationPlatforms) = postSolution
		{971F6DAE-4B9A-4931-941B-0C0248DD6C0C}.Debug|Any CPU.ActiveCfg = Debug|Any CPU
		{971F6DAE-4B9A-4931-941B-0C0248DD6C0C}.Debug|Any CPU.Build.0 = Debug|Any CPU
		{971F6DAE-4B9A-4931-941B-0C0248DD6C0C}.Release|Any CPU.ActiveCfg = Release|Any CPU
		{971F6DAE-4B9A-4931-941B-0C0248DD6C0C}.Release|Any CPU.Build.0 = Release|Any CPU
	EndGlobalSection
	GlobalSection(SolutionProperties) = preSolution
		HideSolutionNode = FALSE
	EndGlobalSection
EndGlobal
